{
    "_meta": {
        "hash": {
            "sha256": "9b78fb018e79b8c7b49ac89c91222946c12081d52ac3fc088087547658571c00"
        },
        "pipfile-spec": 6,
        "requires": {
            "python_version": "3.11"
        },
        "sources": [
            {
                "name": "pypi",
                "url": "https://pypi.org/simple",
                "verify_ssl": true
            }
        ]
    },
    "default": {
        "autopep8": {
            "hashes": [
                "sha256:8b1659c7f003e693199f52caffdc06585bb0716900bbc6a7442fd931d658c077",
                "sha256:ad924b42c2e27a1ac58e432166cc4588f5b80747de02d0d35b1ecbd3e7d57207"
            ],
            "index": "pypi",
            "version": "==2.0.0"
        },
        "flake8": {
            "hashes": [
                "sha256:6fbe320aad8d6b95cec8b8e47bc933004678dc63095be98528b7bdd2a9f510db",
                "sha256:7a1cf6b73744f5806ab95e526f6f0d8c01c66d7bbe349562d22dfca20610b248"
            ],
            "index": "pypi",
            "version": "==5.0.4"
        },
        "mccabe": {
            "hashes": [
                "sha256:348e0240c33b60bbdf4e523192ef919f28cb2c3d7d5c7794f74009290f236325",
                "sha256:6c2d30ab6be0e4a46919781807b4f0d834ebdd6c6e3dca0bda5a15f863427b6e"
            ],
            "markers": "python_version >= '3.6'",
            "version": "==0.7.0"
        },
        "mypy": {
            "hashes": [
                "sha256:0680389c34284287fe00e82fc8bccdea9aff318f7e7d55b90d967a13a9606013",
                "sha256:1767830da2d1afa4e62b684647af0ff79b401f004d7fa08bc5b0ce2d45bcd5ec",
                "sha256:1ee5f99817ee70254e7eb5cf97c1b11dda29c6893d846c8b07bce449184e9466",
                "sha256:262c543ef24deb10470a3c1c254bb986714e2b6b1a67d66daf836a548a9f316c",
                "sha256:269f0dfb6463b8780333310ff4b5134425157ef0d2b1d614015adaf6d6a7eabd",
                "sha256:2a3150d409609a775c8cb65dbe305c4edd7fe576c22ea79d77d1454acd9aeda8",
                "sha256:2b6f85c2ad378e3224e017904a051b26660087b3b76490d533b7344f1546d3ff",
                "sha256:3227f14fe943524f5794679156488f18bf8d34bfecd4623cf76bc55958d229c5",
                "sha256:3ff201a0c6d3ea029d73b1648943387d75aa052491365b101f6edd5570d018ea",
                "sha256:46897755f944176fbc504178422a5a2875bbf3f7436727374724842c0987b5af",
                "sha256:47a9955214615108c3480a500cfda8513a0b1cd3c09a1ed42764ca0dd7b931dd",
                "sha256:49082382f571c3186ce9ea0bd627cb1345d4da8d44a8377870f4442401f0a706",
                "sha256:4a8a6c10f4c63fbf6ad6c03eba22c9331b3946a4cec97f008e9ffb4d3b31e8e2",
                "sha256:6826d9c4d85bbf6d68cb279b561de6a4d8d778ca8e9ab2d00ee768ab501a9852",
                "sha256:72382cb609142dba3f04140d016c94b4092bc7b4d98ca718740dc989e5271b8d",
                "sha256:7da0005e47975287a92b43276e460ac1831af3d23032c34e67d003388a0ce8d0",
                "sha256:8798c8ed83aa809f053abff08664bdca056038f5a02af3660de00b7290b64c47",
                "sha256:8f1940325a8ed460ba03d19ab83742260fa9534804c317224e5d4e5aa588e2d6",
                "sha256:8f694d6d09a460b117dccb6857dda269188e3437c880d7b60fa0014fa872d1e9",
                "sha256:9b8f4a8213b1fd4b751e26b59ae0e0c12896568d7e805861035c7a15ed6dc9eb",
                "sha256:9d851c09b981a65d9d283a8ccb5b1d0b698e580493416a10942ef1a04b19fd37",
                "sha256:aaf1be63e0207d7d17be942dcf9a6b641745581fe6c64df9a38deb562a7dbafa",
                "sha256:aba38e3dd66bdbafbbfe9c6e79637841928ea4c79b32e334099463c17b0d90ef",
                "sha256:b08541a06eed35b543ae1a6b301590eb61826a1eb099417676ddc5a42aa151c5",
                "sha256:be88d665e76b452c26fb2bdc3d54555c01226fba062b004ede780b190a50f9db",
                "sha256:c76c769c46a1e6062a84837badcb2a7b0cdb153d68601a61f60739c37d41cc74",
                "sha256:cc6019808580565040cd2a561b593d7c3c646badd7e580e07d875eb1bf35c695",
                "sha256:cd2dd3730ba894ec2a2082cc703fbf3e95a08479f7be84912e3131fc68809d46",
                "sha256:d555aa7f44cecb7ea3c0ac69d58b1a5afb92caa017285a8e9c4efbf0518b61b4",
                "sha256:d847dd23540e2912d9667602271e5ebf25e5788e7da46da5ffd98e7872616e8e"
            ],
            "index": "pypi",
            "version": "==0.990"
        },
        "mypy-extensions": {
            "hashes": [
                "sha256:090fedd75945a69ae91ce1303b5824f428daf5a028d2f6ab8a299250a846f15d",
                "sha256:2d82818f5bb3e369420cb3c4060a7970edba416647068eb4c5343488a6c604a8"
            ],
            "version": "==0.4.3"
        },
        "psycopg2": {
            "hashes": [
                "sha256:093e3894d2d3c592ab0945d9eba9d139c139664dcf83a1c440b8a7aa9bb21955",
                "sha256:190d51e8c1b25a47484e52a79638a8182451d6f6dff99f26ad9bd81e5359a0fa",
                "sha256:1a5c7d7d577e0eabfcf15eb87d1e19314c8c4f0e722a301f98e0e3a65e238b4e",
                "sha256:1e5a38aa85bd660c53947bd28aeaafb6a97d70423606f1ccb044a03a1203fe4a",
                "sha256:322fd5fca0b1113677089d4ebd5222c964b1760e361f151cbb2706c4912112c5",
                "sha256:4cb9936316d88bfab614666eb9e32995e794ed0f8f6b3b718666c22819c1d7ee",
                "sha256:920bf418000dd17669d2904472efeab2b20546efd0548139618f8fa305d1d7ad",
                "sha256:922cc5f0b98a5f2b1ff481f5551b95cd04580fd6f0c72d9b22e6c0145a4840e0",
                "sha256:a5246d2e683a972e2187a8714b5c2cf8156c064629f9a9b1a873c1730d9e245a",
                "sha256:b9ac1b0d8ecc49e05e4e182694f418d27f3aedcfca854ebd6c05bb1cffa10d6d",
                "sha256:d3ef67e630b0de0779c42912fe2cbae3805ebaba30cda27fea2a3de650a9414f",
                "sha256:f5b6320dbc3cf6cfb9f25308286f9f7ab464e65cfb105b64cc9c52831748ced2",
                "sha256:fc04dd5189b90d825509caa510f20d1d504761e78b8dfb95a0ede180f71d50e5"
            ],
            "index": "pypi",
            "version": "==2.9.5"
        },
        "pycodestyle": {
            "hashes": [
                "sha256:2c9607871d58c76354b697b42f5d57e1ada7d261c261efac224b664affdc5785",
                "sha256:d1735fc58b418fd7c5f658d28d943854f8a849b01a5d0a1e6f3f3fdd0166804b"
            ],
            "markers": "python_version >= '3.6'",
            "version": "==2.9.1"
        },
        "pyflakes": {
            "hashes": [
                "sha256:4579f67d887f804e67edb544428f264b7b24f435b263c4614f384135cea553d2",
                "sha256:491feb020dca48ccc562a8c0cbe8df07ee13078df59813b83959cbdada312ea3"
            ],
            "markers": "python_version >= '3.6'",
            "version": "==2.5.0"
        },
        "python-dotenv": {
            "hashes": [
                "sha256:1684eb44636dd462b66c3ee016599815514527ad99965de77f43e0944634a7e5",
                "sha256:b77d08274639e3d34145dfa6c7008e66df0f04b7be7a75fd0d5292c191d79045"
            ],
            "index": "pypi",
            "version": "==0.21.0"
        },
        "tomli": {
            "hashes": [
                "sha256:939de3e7a6161af0c887ef91b7d41a53e7c5a1ca976325f429cb46ea9bc30ecc",
                "sha256:de526c12914f0c550d15924c62d72abc48d6fe7364aa87328337a31007fe8a4f"
            ],
            "markers": "python_version >= '3.7'",
            "version": "==2.0.1"
        },
        "typing-extensions": {
            "hashes": [
                "sha256:1511434bb92bf8dd198c12b1cc812e800d4181cfcb867674e0f8279cc93087aa",
                "sha256:16fa4864408f655d35ec496218b85f79b3437c829e93320c7c9215ccfd92489e"
            ],
            "markers": "python_version >= '3.7'",
            "version": "==4.4.0"
        }
    },
    "develop": {}
}
